
Microsoft Visual Studio Solution File, Format Version 12.00
# Visual Studio Version 16
VisualStudioVersion = 16.0.30114.105
MinimumVisualStudioVersion = 10.0.40219.1
Project("{9A19103F-16F7-4668-BE54-9A1E7A4F7556}") = "GoogleCalendarManagerApp", "GoogleCalendarManagerApp\GoogleCalendarManagerApp.csproj", "{10CF9EFD-7CDC-4619-83E5-D5AC9B38A787}"
EndProject
Project("{9A19103F-16F7-4668-BE54-9A1E7A4F7556}") = "GoogleCalendarWebApp", "GoogleCalendarWebApp\GoogleCalendarWebApp.csproj", "{6F5D12A8-8B3A-4E1F-BBC4-B509ABC43936}"
EndProject
Project("{FAE04EC0-301F-11D3-BF4B-00C04F79EFBC}") = "MyCalendarMobileApp.UWP", "MyCalendarMobileApp\MyCalendarMobileApp.UWP\MyCalendarMobileApp.UWP.csproj", "{E513038B-43A9-4832-AE00-BCBFE26C604D}"
EndProject
Project("{FAE04EC0-301F-11D3-BF4B-00C04F79EFBC}") = "MyCalendarMobileApp.Android", "MyCalendarMobileApp\MyCalendarMobileApp.Android\MyCalendarMobileApp.Android.csproj", "{F6B0E4AF-5C47-4C97-B85C-494CCB0E5396}"
EndProject
Project("{FAE04EC0-301F-11D3-BF4B-00C04F79EFBC}") = "MyCalendarMobileApp.iOS", "MyCalendarMobileApp\MyCalendarMobileApp.iOS\MyCalendarMobileApp.iOS.csproj", "{64757AB7-5A36-4247-89BA-C460ABA19414}"
EndProject
Project("{FAE04EC0-301F-11D3-BF4B-00C04F79EFBC}") = "MyCalendarMobileApp", "MyCalendarMobileApp\MyCalendarMobileApp\MyCalendarMobileApp.csproj", "{3C9791EE-04F6-4E71-A73F-9E6F14AD7456}"
EndProject
Project("{2150E333-8FDC-42A3-9474-1A3956D46DE8}") = "GoogleCalendarWithWebApp", "GoogleCalendarWithWebApp", "{46B1B0F2-7C0F-49AA-BC21-3439818D14C8}"
EndProject
Project("{2150E333-8FDC-42A3-9474-1A3956D46DE8}") = "GoogleCalendarWithCrossPlatform", "GoogleCalendarWithCrossPlatform", "{2D82DBFF-EEBD-4814-834D-D9B21110DD97}"
EndProject
Global
	GlobalSection(SolutionConfigurationPlatforms) = preSolution
		Debug|Any CPU = Debug|Any CPU
		Debug|ARM = Debug|ARM
		Debug|iPhone = Debug|iPhone
		Debug|iPhoneSimulator = Debug|iPhoneSimulator
		Debug|x64 = Debug|x64
		Debug|x86 = Debug|x86
		Release|Any CPU = Release|Any CPU
		Release|ARM = Release|ARM
		Release|iPhone = Release|iPhone
		Release|iPhoneSimulator = Release|iPhoneSimulator
		Release|x64 = Release|x64
		Release|x86 = Release|x86
	EndGlobalSection
	GlobalSection(ProjectConfigurationPlatforms) = postSolution
		{10CF9EFD-7CDC-4619-83E5-D5AC9B38A787}.Debug|Any CPU.ActiveCfg = Debug|Any CPU
		{10CF9EFD-7CDC-4619-83E5-D5AC9B38A787}.Debug|Any CPU.Build.0 = Debug|Any CPU
		{10CF9EFD-7CDC-4619-83E5-D5AC9B38A787}.Debug|ARM.ActiveCfg = Debug|Any CPU
		{10CF9EFD-7CDC-4619-83E5-D5AC9B38A787}.Debug|ARM.Build.0 = Debug|Any CPU
		{10CF9EFD-7CDC-4619-83E5-D5AC9B38A787}.Debug|iPhone.ActiveCfg = Debug|Any CPU
		{10CF9EFD-7CDC-4619-83E5-D5AC9B38A787}.Debug|iPhone.Build.0 = Debug|Any CPU
		{10CF9EFD-7CDC-4619-83E5-D5AC9B38A787}.Debug|iPhoneSimulator.ActiveCfg = Debug|Any CPU
		{10CF9EFD-7CDC-4619-83E5-D5AC9B38A787}.Debug|iPhoneSimulator.Build.0 = Debug|Any CPU
		{10CF9EFD-7CDC-4619-83E5-D5AC9B38A787}.Debug|x64.ActiveCfg = Debug|Any CPU
		{10CF9EFD-7CDC-4619-83E5-D5AC9B38A787}.Debug|x64.Build.0 = Debug|Any CPU
		{10CF9EFD-7CDC-4619-83E5-D5AC9B38A787}.Debug|x86.ActiveCfg = Debug|Any CPU
		{10CF9EFD-7CDC-4619-83E5-D5AC9B38A787}.Debug|x86.Build.0 = Debug|Any CPU
		{10CF9EFD-7CDC-4619-83E5-D5AC9B38A787}.Release|Any CPU.ActiveCfg = Release|Any CPU
		{10CF9EFD-7CDC-4619-83E5-D5AC9B38A787}.Release|Any CPU.Build.0 = Release|Any CPU
		{10CF9EFD-7CDC-4619-83E5-D5AC9B38A787}.Release|ARM.ActiveCfg = Release|Any CPU
		{10CF9EFD-7CDC-4619-83E5-D5AC9B38A787}.Release|ARM.Build.0 = Release|Any CPU
		{10CF9EFD-7CDC-4619-83E5-D5AC9B38A787}.Release|iPhone.ActiveCfg = Release|Any CPU
		{10CF9EFD-7CDC-4619-83E5-D5AC9B38A787}.Release|iPhone.Build.0 = Release|Any CPU
		{10CF9EFD-7CDC-4619-83E5-D5AC9B38A787}.Release|iPhoneSimulator.ActiveCfg = Release|Any CPU
		{10CF9EFD-7CDC-4619-83E5-D5AC9B38A787}.Release|iPhoneSimulator.Build.0 = Release|Any CPU
		{10CF9EFD-7CDC-4619-83E5-D5AC9B38A787}.Release|x64.ActiveCfg = Release|Any CPU
		{10CF9EFD-7CDC-4619-83E5-D5AC9B38A787}.Release|x64.Build.0 = Release|Any CPU
		{10CF9EFD-7CDC-4619-83E5-D5AC9B38A787}.Release|x86.ActiveCfg = Release|Any CPU
		{10CF9EFD-7CDC-4619-83E5-D5AC9B38A787}.Release|x86.Build.0 = Release|Any CPU
		{6F5D12A8-8B3A-4E1F-BBC4-B509ABC43936}.Debug|Any CPU.ActiveCfg = Debug|Any CPU
		{6F5D12A8-8B3A-4E1F-BBC4-B509ABC43936}.Debug|Any CPU.Build.0 = Debug|Any CPU
		{6F5D12A8-8B3A-4E1F-BBC4-B509ABC43936}.Debug|ARM.ActiveCfg = Debug|Any CPU
		{6F5D12A8-8B3A-4E1F-BBC4-B509ABC43936}.Debug|ARM.Build.0 = Debug|Any CPU
		{6F5D12A8-8B3A-4E1F-BBC4-B509ABC43936}.Debug|iPhone.ActiveCfg = Debug|Any CPU
		{6F5D12A8-8B3A-4E1F-BBC4-B509ABC43936}.Debug|iPhone.Build.0 = Debug|Any CPU
		{6F5D12A8-8B3A-4E1F-BBC4-B509ABC43936}.Debug|iPhoneSimulator.ActiveCfg = Debug|Any CPU
		{6F5D12A8-8B3A-4E1F-BBC4-B509ABC43936}.Debug|iPhoneSimulator.Build.0 = Debug|Any CPU
		{6F5D12A8-8B3A-4E1F-BBC4-B509ABC43936}.Debug|x64.ActiveCfg = Debug|Any CPU
		{6F5D12A8-8B3A-4E1F-BBC4-B509ABC43936}.Debug|x64.Build.0 = Debug|Any CPU
		{6F5D12A8-8B3A-4E1F-BBC4-B509ABC43936}.Debug|x86.ActiveCfg = Debug|Any CPU
		{6F5D12A8-8B3A-4E1F-BBC4-B509ABC43936}.Debug|x86.Build.0 = Debug|Any CPU
		{6F5D12A8-8B3A-4E1F-BBC4-B509ABC43936}.Release|Any CPU.ActiveCfg = Release|Any CPU
		{6F5D12A8-8B3A-4E1F-BBC4-B509ABC43936}.Release|Any CPU.Build.0 = Release|Any CPU
		{6F5D12A8-8B3A-4E1F-BBC4-B509ABC43936}.Release|ARM.ActiveCfg = Release|Any CPU
		{6F5D12A8-8B3A-4E1F-BBC4-B509ABC43936}.Release|ARM.Build.0 = Release|Any CPU
		{6F5D12A8-8B3A-4E1F-BBC4-B509ABC43936}.Release|iPhone.ActiveCfg = Release|Any CPU
		{6F5D12A8-8B3A-4E1F-BBC4-B509ABC43936}.Release|iPhone.Build.0 = Release|Any CPU
		{6F5D12A8-8B3A-4E1F-BBC4-B509ABC43936}.Release|iPhoneSimulator.ActiveCfg = Release|Any CPU
		{6F5D12A8-8B3A-4E1F-BBC4-B509ABC43936}.Release|iPhoneSimulator.Build.0 = Release|Any CPU
		{6F5D12A8-8B3A-4E1F-BBC4-B509ABC43936}.Release|x64.ActiveCfg = Release|Any CPU
		{6F5D12A8-8B3A-4E1F-BBC4-B509ABC43936}.Release|x64.Build.0 = Release|Any CPU
		{6F5D12A8-8B3A-4E1F-BBC4-B509ABC43936}.Release|x86.ActiveCfg = Release|Any CPU
		{6F5D12A8-8B3A-4E1F-BBC4-B509ABC43936}.Release|x86.Build.0 = Release|Any CPU
		{E513038B-43A9-4832-AE00-BCBFE26C604D}.Debug|Any CPU.ActiveCfg = Debug|x86
		{E513038B-43A9-4832-AE00-BCBFE26C604D}.Debug|ARM.ActiveCfg = Debug|ARM
		{E513038B-43A9-4832-AE00-BCBFE26C604D}.Debug|ARM.Build.0 = Debug|ARM
		{E513038B-43A9-4832-AE00-BCBFE26C604D}.Debug|ARM.Deploy.0 = Debug|ARM
		{E513038B-43A9-4832-AE00-BCBFE26C604D}.Debug|iPhone.ActiveCfg = Debug|x86
		{E513038B-43A9-4832-AE00-BCBFE26C604D}.Debug|iPhoneSimulator.ActiveCfg = Debug|x86
		{E513038B-43A9-4832-AE00-BCBFE26C604D}.Debug|x64.ActiveCfg = Debug|x64
		{E513038B-43A9-4832-AE00-BCBFE26C604D}.Debug|x64.Build.0 = Debug|x64
		{E513038B-43A9-4832-AE00-BCBFE26C604D}.Debug|x64.Deploy.0 = Debug|x64
		{E513038B-43A9-4832-AE00-BCBFE26C604D}.Debug|x86.ActiveCfg = Debug|x86
		{E513038B-43A9-4832-AE00-BCBFE26C604D}.Debug|x86.Build.0 = Debug|x86
		{E513038B-43A9-4832-AE00-BCBFE26C604D}.Debug|x86.Deploy.0 = Debug|x86
		{E513038B-43A9-4832-AE00-BCBFE26C604D}.Release|Any CPU.ActiveCfg = Release|x86
		{E513038B-43A9-4832-AE00-BCBFE26C604D}.Release|ARM.ActiveCfg = Release|ARM
		{E513038B-43A9-4832-AE00-BCBFE26C604D}.Release|ARM.Build.0 = Release|ARM
		{E513038B-43A9-4832-AE00-BCBFE26C604D}.Release|ARM.Deploy.0 = Release|ARM
		{E513038B-43A9-4832-AE00-BCBFE26C604D}.Release|iPhone.ActiveCfg = Release|x86
		{E513038B-43A9-4832-AE00-BCBFE26C604D}.Release|iPhoneSimulator.ActiveCfg = Release|x86
		{E513038B-43A9-4832-AE00-BCBFE26C604D}.Release|x64.ActiveCfg = Release|x64
		{E513038B-43A9-4832-AE00-BCBFE26C604D}.Release|x64.Build.0 = Release|x64
		{E513038B-43A9-4832-AE00-BCBFE26C604D}.Release|x64.Deploy.0 = Release|x64
		{E513038B-43A9-4832-AE00-BCBFE26C604D}.Release|x86.ActiveCfg = Release|x86
		{E513038B-43A9-4832-AE00-BCBFE26C604D}.Release|x86.Build.0 = Release|x86
		{E513038B-43A9-4832-AE00-BCBFE26C604D}.Release|x86.Deploy.0 = Release|x86
		{F6B0E4AF-5C47-4C97-B85C-494CCB0E5396}.Debug|Any CPU.ActiveCfg = Debug|Any CPU
		{F6B0E4AF-5C47-4C97-B85C-494CCB0E5396}.Debug|Any CPU.Build.0 = Debug|Any CPU
		{F6B0E4AF-5C47-4C97-B85C-494CCB0E5396}.Debug|Any CPU.Deploy.0 = Debug|Any CPU
		{F6B0E4AF-5C47-4C97-B85C-494CCB0E5396}.Debug|ARM.ActiveCfg = Debug|Any CPU
		{F6B0E4AF-5C47-4C97-B85C-494CCB0E5396}.Debug|ARM.Build.0 = Debug|Any CPU
		{F6B0E4AF-5C47-4C97-B85C-494CCB0E5396}.Debug|ARM.Deploy.0 = Debug|Any CPU
		{F6B0E4AF-5C47-4C97-B85C-494CCB0E5396}.Debug|iPhone.ActiveCfg = Debug|Any CPU
		{F6B0E4AF-5C47-4C97-B85C-494CCB0E5396}.Debug|iPhone.Build.0 = Debug|Any CPU
		{F6B0E4AF-5C47-4C97-B85C-494CCB0E5396}.Debug|iPhone.Deploy.0 = Debug|Any CPU
		{F6B0E4AF-5C47-4C97-B85C-494CCB0E5396}.Debug|iPhoneSimulator.ActiveCfg = Debug|Any CPU
		{F6B0E4AF-5C47-4C97-B85C-494CCB0E5396}.Debug|iPhoneSimulator.Build.0 = Debug|Any CPU
		{F6B0E4AF-5C47-4C97-B85C-494CCB0E5396}.Debug|iPhoneSimulator.Deploy.0 = Debug|Any CPU
		{F6B0E4AF-5C47-4C97-B85C-494CCB0E5396}.Debug|x64.ActiveCfg = Debug|Any CPU
		{F6B0E4AF-5C47-4C97-B85C-494CCB0E5396}.Debug|x64.Build.0 = Debug|Any CPU
		{F6B0E4AF-5C47-4C97-B85C-494CCB0E5396}.Debug|x64.Deploy.0 = Debug|Any CPU
		{F6B0E4AF-5C47-4C97-B85C-494CCB0E5396}.Debug|x86.ActiveCfg = Debug|Any CPU
		{F6B0E4AF-5C47-4C97-B85C-494CCB0E5396}.Debug|x86.Build.0 = Debug|Any CPU
		{F6B0E4AF-5C47-4C97-B85C-494CCB0E5396}.Debug|x86.Deploy.0 = Debug|Any CPU
		{F6B0E4AF-5C47-4C97-B85C-494CCB0E5396}.Release|Any CPU.ActiveCfg = Release|Any CPU
		{F6B0E4AF-5C47-4C97-B85C-494CCB0E5396}.Release|Any CPU.Build.0 = Release|Any CPU
		{F6B0E4AF-5C47-4C97-B85C-494CCB0E5396}.Release|Any CPU.Deploy.0 = Release|Any CPU
		{F6B0E4AF-5C47-4C97-B85C-494CCB0E5396}.Release|ARM.ActiveCfg = Release|Any CPU
		{F6B0E4AF-5C47-4C97-B85C-494CCB0E5396}.Release|ARM.Build.0 = Release|Any CPU
		{F6B0E4AF-5C47-4C97-B85C-494CCB0E5396}.Release|ARM.Deploy.0 = Release|Any CPU
		{F6B0E4AF-5C47-4C97-B85C-494CCB0E5396}.Release|iPhone.ActiveCfg = Release|Any CPU
		{F6B0E4AF-5C47-4C97-B85C-494CCB0E5396}.Release|iPhone.Build.0 = Release|Any CPU
		{F6B0E4AF-5C47-4C97-B85C-494CCB0E5396}.Release|iPhone.Deploy.0 = Release|Any CPU
		{F6B0E4AF-5C47-4C97-B85C-494CCB0E5396}.Release|iPhoneSimulator.ActiveCfg = Release|Any CPU
		{F6B0E4AF-5C47-4C97-B85C-494CCB0E5396}.Release|iPhoneSimulator.Build.0 = Release|Any CPU
		{F6B0E4AF-5C47-4C97-B85C-494CCB0E5396}.Release|iPhoneSimulator.Deploy.0 = Release|Any CPU
		{F6B0E4AF-5C47-4C97-B85C-494CCB0E5396}.Release|x64.ActiveCfg = Release|Any CPU
		{F6B0E4AF-5C47-4C97-B85C-494CCB0E5396}.Release|x64.Build.0 = Release|Any CPU
		{F6B0E4AF-5C47-4C97-B85C-494CCB0E5396}.Release|x64.Deploy.0 = Release|Any CPU
		{F6B0E4AF-5C47-4C97-B85C-494CCB0E5396}.Release|x86.ActiveCfg = Release|Any CPU
		{F6B0E4AF-5C47-4C97-B85C-494CCB0E5396}.Release|x86.Build.0 = Release|Any CPU
		{F6B0E4AF-5C47-4C97-B85C-494CCB0E5396}.Release|x86.Deploy.0 = Release|Any CPU
		{64757AB7-5A36-4247-89BA-C460ABA19414}.Debug|Any CPU.ActiveCfg = Debug|iPhone
		{64757AB7-5A36-4247-89BA-C460ABA19414}.Debug|ARM.ActiveCfg = Debug|iPhone
		{64757AB7-5A36-4247-89BA-C460ABA19414}.Debug|iPhone.ActiveCfg = Debug|iPhone
		{64757AB7-5A36-4247-89BA-C460ABA19414}.Debug|iPhone.Build.0 = Debug|iPhone
		{64757AB7-5A36-4247-89BA-C460ABA19414}.Debug|iPhoneSimulator.ActiveCfg = Debug|iPhoneSimulator
		{64757AB7-5A36-4247-89BA-C460ABA19414}.Debug|iPhoneSimulator.Build.0 = Debug|iPhoneSimulator
		{64757AB7-5A36-4247-89BA-C460ABA19414}.Debug|x64.ActiveCfg = Debug|iPhone
		{64757AB7-5A36-4247-89BA-C460ABA19414}.Debug|x86.ActiveCfg = Debug|iPhone
		{64757AB7-5A36-4247-89BA-C460ABA19414}.Release|Any CPU.ActiveCfg = Release|iPhone
		{64757AB7-5A36-4247-89BA-C460ABA19414}.Release|ARM.ActiveCfg = Release|iPhone
		{64757AB7-5A36-4247-89BA-C460ABA19414}.Release|iPhone.ActiveCfg = Release|iPhone
		{64757AB7-5A36-4247-89BA-C460ABA19414}.Release|iPhone.Build.0 = Release|iPhone
		{64757AB7-5A36-4247-89BA-C460ABA19414}.Release|iPhoneSimulator.ActiveCfg = Release|iPhoneSimulator
		{64757AB7-5A36-4247-89BA-C460ABA19414}.Release|iPhoneSimulator.Build.0 = Release|iPhoneSimulator
		{64757AB7-5A36-4247-89BA-C460ABA19414}.Release|x64.ActiveCfg = Release|iPhone
		{64757AB7-5A36-4247-89BA-C460ABA19414}.Release|x86.ActiveCfg = Release|iPhone
		{3C9791EE-04F6-4E71-A73F-9E6F14AD7456}.Debug|Any CPU.ActiveCfg = Debug|Any CPU
		{3C9791EE-04F6-4E71-A73F-9E6F14AD7456}.Debug|Any CPU.Build.0 = Debug|Any CPU
		{3C9791EE-04F6-4E71-A73F-9E6F14AD7456}.Debug|ARM.ActiveCfg = Debug|Any CPU
		{3C9791EE-04F6-4E71-A73F-9E6F14AD7456}.Debug|ARM.Build.0 = Debug|Any CPU
		{3C9791EE-04F6-4E71-A73F-9E6F14AD7456}.Debug|iPhone.ActiveCfg = Debug|Any CPU
		{3C9791EE-04F6-4E71-A73F-9E6F14AD7456}.Debug|iPhone.Build.0 = Debug|Any CPU
		{3C9791EE-04F6-4E71-A73F-9E6F14AD7456}.Debug|iPhoneSimulator.ActiveCfg = Debug|Any CPU
		{3C9791EE-04F6-4E71-A73F-9E6F14AD7456}.Debug|iPhoneSimulator.Build.0 = Debug|Any CPU
		{3C9791EE-04F6-4E71-A73F-9E6F14AD7456}.Debug|x64.ActiveCfg = Debug|Any CPU
		{3C9791EE-04F6-4E71-A73F-9E6F14AD7456}.Debug|x64.Build.0 = Debug|Any CPU
		{3C9791EE-04F6-4E71-A73F-9E6F14AD7456}.Debug|x86.ActiveCfg = Debug|Any CPU
		{3C9791EE-04F6-4E71-A73F-9E6F14AD7456}.Debug|x86.Build.0 = Debug|Any CPU
		{3C9791EE-04F6-4E71-A73F-9E6F14AD7456}.Release|Any CPU.ActiveCfg = Release|Any CPU
		{3C9791EE-04F6-4E71-A73F-9E6F14AD7456}.Release|Any CPU.Build.0 = Release|Any CPU
		{3C9791EE-04F6-4E71-A73F-9E6F14AD7456}.Release|ARM.ActiveCfg = Release|Any CPU
		{3C9791EE-04F6-4E71-A73F-9E6F14AD7456}.Release|ARM.Build.0 = Release|Any CPU
		{3C9791EE-04F6-4E71-A73F-9E6F14AD7456}.Release|iPhone.ActiveCfg = Release|Any CPU
		{3C9791EE-04F6-4E71-A73F-9E6F14AD7456}.Release|iPhone.Build.0 = Release|Any CPU
		{3C9791EE-04F6-4E71-A73F-9E6F14AD7456}.Release|iPhoneSimulator.ActiveCfg = Release|Any CPU
		{3C9791EE-04F6-4E71-A73F-9E6F14AD7456}.Release|iPhoneSimulator.Build.0 = Release|Any CPU
		{3C9791EE-04F6-4E71-A73F-9E6F14AD7456}.Release|x64.ActiveCfg = Release|Any CPU
		{3C9791EE-04F6-4E71-A73F-9E6F14AD7456}.Release|x64.Build.0 = Release|Any CPU
		{3C9791EE-04F6-4E71-A73F-9E6F14AD7456}.Release|x86.ActiveCfg = Release|Any CPU
		{3C9791EE-04F6-4E71-A73F-9E6F14AD7456}.Release|x86.Build.0 = Release|Any CPU
	EndGlobalSection
	GlobalSection(SolutionProperties) = preSolution
		HideSolutionNode = FALSE
	EndGlobalSection
	GlobalSection(NestedProjects) = preSolution
		{10CF9EFD-7CDC-4619-83E5-D5AC9B38A787} = {46B1B0F2-7C0F-49AA-BC21-3439818D14C8}
		{6F5D12A8-8B3A-4E1F-BBC4-B509ABC43936} = {46B1B0F2-7C0F-49AA-BC21-3439818D14C8}
		{E513038B-43A9-4832-AE00-BCBFE26C604D} = {2D82DBFF-EEBD-4814-834D-D9B21110DD97}
		{F6B0E4AF-5C47-4C97-B85C-494CCB0E5396} = {2D82DBFF-EEBD-4814-834D-D9B21110DD97}
		{64757AB7-5A36-4247-89BA-C460ABA19414} = {2D82DBFF-EEBD-4814-834D-D9B21110DD97}
		{3C9791EE-04F6-4E71-A73F-9E6F14AD7456} = {2D82DBFF-EEBD-4814-834D-D9B21110DD97}
	EndGlobalSection
	GlobalSection(ExtensibilityGlobals) = postSolution
		SolutionGuid = {1DBE9E8D-477B-47B3-AE2B-F128C59D60DC}
	EndGlobalSection
EndGlobal
